
Microsoft Visual Studio Solution File, Format Version 12.00
# Visual Studio 15
VisualStudioVersion = 15.0.28010.2016
MinimumVisualStudioVersion = 10.0.40219.1
Project("{FAE04EC0-301F-11D3-BF4B-00C04F79EFBC}") = "Cola20Numeros", "Cola20Numeros\Cola20Numeros.csproj", "{079A8FE3-7DBF-42B2-A861-AC8EC5F4B4FE}"
EndProject
Global
	GlobalSection(SolutionConfigurationPlatforms) = preSolution
		Debug|Any CPU = Debug|Any CPU
		Release|Any CPU = Release|Any CPU
	EndGlobalSection
	GlobalSection(ProjectConfigurationPlatforms) = postSolution
		{079A8FE3-7DBF-42B2-A861-AC8EC5F4B4FE}.Debug|Any CPU.ActiveCfg = Debug|Any CPU
		{079A8FE3-7DBF-42B2-A861-AC8EC5F4B4FE}.Debug|Any CPU.Build.0 = Debug|Any CPU
		{079A8FE3-7DBF-42B2-A861-AC8EC5F4B4FE}.Release|Any CPU.ActiveCfg = Release|Any CPU
		{079A8FE3-7DBF-42B2-A861-AC8EC5F4B4FE}.Release|Any CPU.Build.0 = Release|Any CPU
	EndGlobalSection
	GlobalSection(SolutionProperties) = preSolution
		HideSolutionNode = FALSE
	EndGlobalSection
	GlobalSection(ExtensibilityGlobals) = postSolution
		SolutionGuid = {E71E923E-334F-4856-826A-4E6877B3055C}
	EndGlobalSection
EndGlobal
