
Microsoft Visual Studio Solution File, Format Version 12.00
# Visual Studio 15
VisualStudioVersion = 15.0.28010.2016
MinimumVisualStudioVersion = 10.0.40219.1
Project("{FAE04EC0-301F-11D3-BF4B-00C04F79EFBC}") = "Vehiculos", "Vehiculos\Vehiculos.csproj", "{7F617269-DF8D-4851-B92E-919366501ED3}"
EndProject
Project("{FAE04EC0-301F-11D3-BF4B-00C04F79EFBC}") = "VehiculoTerrestre", "VehiculoTerrestre\VehiculoTerrestre.csproj", "{89E85D09-E642-46DE-AAF1-11CA53C7F845}"
EndProject
Project("{FAE04EC0-301F-11D3-BF4B-00C04F79EFBC}") = "Camion", "Camion\Camion.csproj", "{18083860-673A-4F76-BE0F-1EB597855611}"
EndProject
Project("{FAE04EC0-301F-11D3-BF4B-00C04F79EFBC}") = "automovil", "automovil\automovil.csproj", "{BC98E1E1-F5D8-464E-9271-EC5A61D94DEE}"
EndProject
Project("{FAE04EC0-301F-11D3-BF4B-00C04F79EFBC}") = "Moto", "Moto\Moto.csproj", "{E63DA262-6D1F-41DA-A63F-86AE3B798A92}"
EndProject
Global
	GlobalSection(SolutionConfigurationPlatforms) = preSolution
		Debug|Any CPU = Debug|Any CPU
		Release|Any CPU = Release|Any CPU
	EndGlobalSection
	GlobalSection(ProjectConfigurationPlatforms) = postSolution
		{7F617269-DF8D-4851-B92E-919366501ED3}.Debug|Any CPU.ActiveCfg = Debug|Any CPU
		{7F617269-DF8D-4851-B92E-919366501ED3}.Debug|Any CPU.Build.0 = Debug|Any CPU
		{7F617269-DF8D-4851-B92E-919366501ED3}.Release|Any CPU.ActiveCfg = Release|Any CPU
		{7F617269-DF8D-4851-B92E-919366501ED3}.Release|Any CPU.Build.0 = Release|Any CPU
		{89E85D09-E642-46DE-AAF1-11CA53C7F845}.Debug|Any CPU.ActiveCfg = Debug|Any CPU
		{89E85D09-E642-46DE-AAF1-11CA53C7F845}.Debug|Any CPU.Build.0 = Debug|Any CPU
		{89E85D09-E642-46DE-AAF1-11CA53C7F845}.Release|Any CPU.ActiveCfg = Release|Any CPU
		{89E85D09-E642-46DE-AAF1-11CA53C7F845}.Release|Any CPU.Build.0 = Release|Any CPU
		{18083860-673A-4F76-BE0F-1EB597855611}.Debug|Any CPU.ActiveCfg = Debug|Any CPU
		{18083860-673A-4F76-BE0F-1EB597855611}.Debug|Any CPU.Build.0 = Debug|Any CPU
		{18083860-673A-4F76-BE0F-1EB597855611}.Release|Any CPU.ActiveCfg = Release|Any CPU
		{18083860-673A-4F76-BE0F-1EB597855611}.Release|Any CPU.Build.0 = Release|Any CPU
		{BC98E1E1-F5D8-464E-9271-EC5A61D94DEE}.Debug|Any CPU.ActiveCfg = Debug|Any CPU
		{BC98E1E1-F5D8-464E-9271-EC5A61D94DEE}.Debug|Any CPU.Build.0 = Debug|Any CPU
		{BC98E1E1-F5D8-464E-9271-EC5A61D94DEE}.Release|Any CPU.ActiveCfg = Release|Any CPU
		{BC98E1E1-F5D8-464E-9271-EC5A61D94DEE}.Release|Any CPU.Build.0 = Release|Any CPU
		{E63DA262-6D1F-41DA-A63F-86AE3B798A92}.Debug|Any CPU.ActiveCfg = Debug|Any CPU
		{E63DA262-6D1F-41DA-A63F-86AE3B798A92}.Debug|Any CPU.Build.0 = Debug|Any CPU
		{E63DA262-6D1F-41DA-A63F-86AE3B798A92}.Release|Any CPU.ActiveCfg = Release|Any CPU
		{E63DA262-6D1F-41DA-A63F-86AE3B798A92}.Release|Any CPU.Build.0 = Release|Any CPU
	EndGlobalSection
	GlobalSection(SolutionProperties) = preSolution
		HideSolutionNode = FALSE
	EndGlobalSection
	GlobalSection(ExtensibilityGlobals) = postSolution
		SolutionGuid = {EF9D3071-9B29-4F64-8A52-AB1DCDB4E7B2}
	EndGlobalSection
EndGlobal
