
Microsoft Visual Studio Solution File, Format Version 12.00
# Visual Studio 15
VisualStudioVersion = 15.0.28010.2016
MinimumVisualStudioVersion = 10.0.40219.1
Project("{FAE04EC0-301F-11D3-BF4B-00C04F79EFBC}") = "F1", "F1\F1.csproj", "{B867ACB3-375F-41CE-B82B-E160E68A1A50}"
EndProject
Project("{FAE04EC0-301F-11D3-BF4B-00C04F79EFBC}") = "AutoF1", "AutoF1\AutoF1.csproj", "{5300A2EA-3F82-4E2A-A218-46CA08DE5CC8}"
EndProject
Project("{FAE04EC0-301F-11D3-BF4B-00C04F79EFBC}") = "Competencia", "Competencia\Competencia.csproj", "{4DCC19DF-F6F2-4161-BE93-C548E5CD91B5}"
EndProject
Global
	GlobalSection(SolutionConfigurationPlatforms) = preSolution
		Debug|Any CPU = Debug|Any CPU
		Release|Any CPU = Release|Any CPU
	EndGlobalSection
	GlobalSection(ProjectConfigurationPlatforms) = postSolution
		{B867ACB3-375F-41CE-B82B-E160E68A1A50}.Debug|Any CPU.ActiveCfg = Debug|Any CPU
		{B867ACB3-375F-41CE-B82B-E160E68A1A50}.Debug|Any CPU.Build.0 = Debug|Any CPU
		{B867ACB3-375F-41CE-B82B-E160E68A1A50}.Release|Any CPU.ActiveCfg = Release|Any CPU
		{B867ACB3-375F-41CE-B82B-E160E68A1A50}.Release|Any CPU.Build.0 = Release|Any CPU
		{5300A2EA-3F82-4E2A-A218-46CA08DE5CC8}.Debug|Any CPU.ActiveCfg = Debug|Any CPU
		{5300A2EA-3F82-4E2A-A218-46CA08DE5CC8}.Debug|Any CPU.Build.0 = Debug|Any CPU
		{5300A2EA-3F82-4E2A-A218-46CA08DE5CC8}.Release|Any CPU.ActiveCfg = Release|Any CPU
		{5300A2EA-3F82-4E2A-A218-46CA08DE5CC8}.Release|Any CPU.Build.0 = Release|Any CPU
		{4DCC19DF-F6F2-4161-BE93-C548E5CD91B5}.Debug|Any CPU.ActiveCfg = Debug|Any CPU
		{4DCC19DF-F6F2-4161-BE93-C548E5CD91B5}.Debug|Any CPU.Build.0 = Debug|Any CPU
		{4DCC19DF-F6F2-4161-BE93-C548E5CD91B5}.Release|Any CPU.ActiveCfg = Release|Any CPU
		{4DCC19DF-F6F2-4161-BE93-C548E5CD91B5}.Release|Any CPU.Build.0 = Release|Any CPU
	EndGlobalSection
	GlobalSection(SolutionProperties) = preSolution
		HideSolutionNode = FALSE
	EndGlobalSection
	GlobalSection(ExtensibilityGlobals) = postSolution
		SolutionGuid = {47FBB614-2B60-404F-B4C7-31D4AF57E2B3}
	EndGlobalSection
EndGlobal
