
Microsoft Visual Studio Solution File, Format Version 12.00
# Visual Studio 15
VisualStudioVersion = 15.0.27703.2047
MinimumVisualStudioVersion = 10.0.40219.1
Project("{FAE04EC0-301F-11D3-BF4B-00C04F79EFBC}") = "ej63III", "ej63III\ej63III.csproj", "{C62375FF-BAB9-413E-8BEE-4CE699C515D0}"
EndProject
Global
	GlobalSection(SolutionConfigurationPlatforms) = preSolution
		Debug|Any CPU = Debug|Any CPU
		Release|Any CPU = Release|Any CPU
	EndGlobalSection
	GlobalSection(ProjectConfigurationPlatforms) = postSolution
		{C62375FF-BAB9-413E-8BEE-4CE699C515D0}.Debug|Any CPU.ActiveCfg = Debug|Any CPU
		{C62375FF-BAB9-413E-8BEE-4CE699C515D0}.Debug|Any CPU.Build.0 = Debug|Any CPU
		{C62375FF-BAB9-413E-8BEE-4CE699C515D0}.Release|Any CPU.ActiveCfg = Release|Any CPU
		{C62375FF-BAB9-413E-8BEE-4CE699C515D0}.Release|Any CPU.Build.0 = Release|Any CPU
	EndGlobalSection
	GlobalSection(SolutionProperties) = preSolution
		HideSolutionNode = FALSE
	EndGlobalSection
	GlobalSection(ExtensibilityGlobals) = postSolution
		SolutionGuid = {75DF59B1-CFA1-4BA1-B3E4-4A3F87C406F0}
	EndGlobalSection
EndGlobal
