
Microsoft Visual Studio Solution File, Format Version 12.00
# Visual Studio 15
VisualStudioVersion = 15.0.27703.2047
MinimumVisualStudioVersion = 10.0.40219.1
Project("{FAE04EC0-301F-11D3-BF4B-00C04F79EFBC}") = "Greco.Gonzalo.2D", "Greco.Gonzalo.2D\Greco.Gonzalo.2D.csproj", "{C39C9087-0E00-48AF-B90F-0731167D5F92}"
EndProject
Project("{FAE04EC0-301F-11D3-BF4B-00C04F79EFBC}") = "Entidades", "Entidades\Entidades.csproj", "{B9DBB69B-9D7C-4A57-AA94-C5055CEB605E}"
EndProject
Project("{FAE04EC0-301F-11D3-BF4B-00C04F79EFBC}") = "VistaForm", "VistaForm\VistaForm.csproj", "{72A5CA33-F155-4BE0-A832-11E2E130AB1B}"
EndProject
Global
	GlobalSection(SolutionConfigurationPlatforms) = preSolution
		Debug|Any CPU = Debug|Any CPU
		Release|Any CPU = Release|Any CPU
	EndGlobalSection
	GlobalSection(ProjectConfigurationPlatforms) = postSolution
		{C39C9087-0E00-48AF-B90F-0731167D5F92}.Debug|Any CPU.ActiveCfg = Debug|Any CPU
		{C39C9087-0E00-48AF-B90F-0731167D5F92}.Debug|Any CPU.Build.0 = Debug|Any CPU
		{C39C9087-0E00-48AF-B90F-0731167D5F92}.Release|Any CPU.ActiveCfg = Release|Any CPU
		{C39C9087-0E00-48AF-B90F-0731167D5F92}.Release|Any CPU.Build.0 = Release|Any CPU
		{B9DBB69B-9D7C-4A57-AA94-C5055CEB605E}.Debug|Any CPU.ActiveCfg = Debug|Any CPU
		{B9DBB69B-9D7C-4A57-AA94-C5055CEB605E}.Debug|Any CPU.Build.0 = Debug|Any CPU
		{B9DBB69B-9D7C-4A57-AA94-C5055CEB605E}.Release|Any CPU.ActiveCfg = Release|Any CPU
		{B9DBB69B-9D7C-4A57-AA94-C5055CEB605E}.Release|Any CPU.Build.0 = Release|Any CPU
		{72A5CA33-F155-4BE0-A832-11E2E130AB1B}.Debug|Any CPU.ActiveCfg = Debug|Any CPU
		{72A5CA33-F155-4BE0-A832-11E2E130AB1B}.Debug|Any CPU.Build.0 = Debug|Any CPU
		{72A5CA33-F155-4BE0-A832-11E2E130AB1B}.Release|Any CPU.ActiveCfg = Release|Any CPU
		{72A5CA33-F155-4BE0-A832-11E2E130AB1B}.Release|Any CPU.Build.0 = Release|Any CPU
	EndGlobalSection
	GlobalSection(SolutionProperties) = preSolution
		HideSolutionNode = FALSE
	EndGlobalSection
	GlobalSection(ExtensibilityGlobals) = postSolution
		SolutionGuid = {1878CE2F-18D7-4C3A-AACF-EF27BC7B2172}
	EndGlobalSection
EndGlobal
