
Microsoft Visual Studio Solution File, Format Version 12.00
# Visual Studio 15
VisualStudioVersion = 15.0.27703.2047
MinimumVisualStudioVersion = 10.0.40219.1
Project("{FAE04EC0-301F-11D3-BF4B-00C04F79EFBC}") = "20180628-SP.Alumno", "20180628-SP.v1\20180628-SP.Alumno.csproj", "{28C748DA-E056-4201-87AC-D6C5FE82D35E}"
EndProject
Project("{FAE04EC0-301F-11D3-BF4B-00C04F79EFBC}") = "Entidades", "Entidades\Entidades.csproj", "{2721927A-E946-40D8-AB29-7053C0AC7CD5}"
EndProject
Project("{FAE04EC0-301F-11D3-BF4B-00C04F79EFBC}") = "Excepciones", "Excepciones\Excepciones.csproj", "{99AAEEC5-42E6-4B14-9797-9DC6B4019999}"
EndProject
Project("{FAE04EC0-301F-11D3-BF4B-00C04F79EFBC}") = "TestUnitarios", "TestUnitarios\TestUnitarios.csproj", "{C5D234E4-1E3C-4E89-B10F-AC373AA45EB6}"
EndProject
Global
	GlobalSection(SolutionConfigurationPlatforms) = preSolution
		Debug|Any CPU = Debug|Any CPU
		Release|Any CPU = Release|Any CPU
	EndGlobalSection
	GlobalSection(ProjectConfigurationPlatforms) = postSolution
		{28C748DA-E056-4201-87AC-D6C5FE82D35E}.Debug|Any CPU.ActiveCfg = Debug|Any CPU
		{28C748DA-E056-4201-87AC-D6C5FE82D35E}.Debug|Any CPU.Build.0 = Debug|Any CPU
		{28C748DA-E056-4201-87AC-D6C5FE82D35E}.Release|Any CPU.ActiveCfg = Release|Any CPU
		{28C748DA-E056-4201-87AC-D6C5FE82D35E}.Release|Any CPU.Build.0 = Release|Any CPU
		{2721927A-E946-40D8-AB29-7053C0AC7CD5}.Debug|Any CPU.ActiveCfg = Debug|Any CPU
		{2721927A-E946-40D8-AB29-7053C0AC7CD5}.Debug|Any CPU.Build.0 = Debug|Any CPU
		{2721927A-E946-40D8-AB29-7053C0AC7CD5}.Release|Any CPU.ActiveCfg = Release|Any CPU
		{2721927A-E946-40D8-AB29-7053C0AC7CD5}.Release|Any CPU.Build.0 = Release|Any CPU
		{99AAEEC5-42E6-4B14-9797-9DC6B4019999}.Debug|Any CPU.ActiveCfg = Debug|Any CPU
		{99AAEEC5-42E6-4B14-9797-9DC6B4019999}.Debug|Any CPU.Build.0 = Debug|Any CPU
		{99AAEEC5-42E6-4B14-9797-9DC6B4019999}.Release|Any CPU.ActiveCfg = Release|Any CPU
		{99AAEEC5-42E6-4B14-9797-9DC6B4019999}.Release|Any CPU.Build.0 = Release|Any CPU
		{C5D234E4-1E3C-4E89-B10F-AC373AA45EB6}.Debug|Any CPU.ActiveCfg = Debug|Any CPU
		{C5D234E4-1E3C-4E89-B10F-AC373AA45EB6}.Debug|Any CPU.Build.0 = Debug|Any CPU
		{C5D234E4-1E3C-4E89-B10F-AC373AA45EB6}.Release|Any CPU.ActiveCfg = Release|Any CPU
		{C5D234E4-1E3C-4E89-B10F-AC373AA45EB6}.Release|Any CPU.Build.0 = Release|Any CPU
	EndGlobalSection
	GlobalSection(SolutionProperties) = preSolution
		HideSolutionNode = FALSE
	EndGlobalSection
	GlobalSection(ExtensibilityGlobals) = postSolution
		SolutionGuid = {650C9D49-7F4C-4365-A9C6-F6B57ADC0AE1}
	EndGlobalSection
EndGlobal
