
Microsoft Visual Studio Solution File, Format Version 12.00
# Visual Studio 15
VisualStudioVersion = 15.0.27703.2047
MinimumVisualStudioVersion = 10.0.40219.1
Project("{FAE04EC0-301F-11D3-BF4B-00C04F79EFBC}") = "Libro", "Libro\Libro.csproj", "{B43A2638-473D-48E4-AFD9-0C025CAD0FBD}"
EndProject
Project("{FAE04EC0-301F-11D3-BF4B-00C04F79EFBC}") = "BibliotecaLibro", "BibliotecaLibro\BibliotecaLibro.csproj", "{9E47DC09-CA27-4ADB-AB1F-E38411A06BED}"
EndProject
Global
	GlobalSection(SolutionConfigurationPlatforms) = preSolution
		Debug|Any CPU = Debug|Any CPU
		Release|Any CPU = Release|Any CPU
	EndGlobalSection
	GlobalSection(ProjectConfigurationPlatforms) = postSolution
		{B43A2638-473D-48E4-AFD9-0C025CAD0FBD}.Debug|Any CPU.ActiveCfg = Debug|Any CPU
		{B43A2638-473D-48E4-AFD9-0C025CAD0FBD}.Debug|Any CPU.Build.0 = Debug|Any CPU
		{B43A2638-473D-48E4-AFD9-0C025CAD0FBD}.Release|Any CPU.ActiveCfg = Release|Any CPU
		{B43A2638-473D-48E4-AFD9-0C025CAD0FBD}.Release|Any CPU.Build.0 = Release|Any CPU
		{9E47DC09-CA27-4ADB-AB1F-E38411A06BED}.Debug|Any CPU.ActiveCfg = Debug|Any CPU
		{9E47DC09-CA27-4ADB-AB1F-E38411A06BED}.Debug|Any CPU.Build.0 = Debug|Any CPU
		{9E47DC09-CA27-4ADB-AB1F-E38411A06BED}.Release|Any CPU.ActiveCfg = Release|Any CPU
		{9E47DC09-CA27-4ADB-AB1F-E38411A06BED}.Release|Any CPU.Build.0 = Release|Any CPU
	EndGlobalSection
	GlobalSection(SolutionProperties) = preSolution
		HideSolutionNode = FALSE
	EndGlobalSection
	GlobalSection(ExtensibilityGlobals) = postSolution
		SolutionGuid = {B9F580E8-E5DF-488B-B2BC-DEB668D263C5}
	EndGlobalSection
EndGlobal
