
Microsoft Visual Studio Solution File, Format Version 12.00
# Visual Studio 15
VisualStudioVersion = 15.0.27703.2047
MinimumVisualStudioVersion = 10.0.40219.1
Project("{FAE04EC0-301F-11D3-BF4B-00C04F79EFBC}") = "Clase8", "Clase8\Clase8.csproj", "{DF3B7FB8-172D-4679-8F2C-8395AF798BE8}"
EndProject
Project("{9A19103F-16F7-4668-BE54-9A1E7A4F7556}") = "BiblotecaEmpleado", "BiblotecaEmpleado\BiblotecaEmpleado.csproj", "{B6C3552D-36E8-44C7-8A92-E2FD0D604861}"
EndProject
Project("{FAE04EC0-301F-11D3-BF4B-00C04F79EFBC}") = "BibliotecaEmpresa", "BibliotecaEmpresa\BibliotecaEmpresa.csproj", "{FF1982B0-28F6-4E29-AF00-67FBCE1308BA}"
EndProject
Global
	GlobalSection(SolutionConfigurationPlatforms) = preSolution
		Debug|Any CPU = Debug|Any CPU
		Release|Any CPU = Release|Any CPU
	EndGlobalSection
	GlobalSection(ProjectConfigurationPlatforms) = postSolution
		{DF3B7FB8-172D-4679-8F2C-8395AF798BE8}.Debug|Any CPU.ActiveCfg = Debug|Any CPU
		{DF3B7FB8-172D-4679-8F2C-8395AF798BE8}.Debug|Any CPU.Build.0 = Debug|Any CPU
		{DF3B7FB8-172D-4679-8F2C-8395AF798BE8}.Release|Any CPU.ActiveCfg = Release|Any CPU
		{DF3B7FB8-172D-4679-8F2C-8395AF798BE8}.Release|Any CPU.Build.0 = Release|Any CPU
		{B6C3552D-36E8-44C7-8A92-E2FD0D604861}.Debug|Any CPU.ActiveCfg = Debug|Any CPU
		{B6C3552D-36E8-44C7-8A92-E2FD0D604861}.Debug|Any CPU.Build.0 = Debug|Any CPU
		{B6C3552D-36E8-44C7-8A92-E2FD0D604861}.Release|Any CPU.ActiveCfg = Release|Any CPU
		{B6C3552D-36E8-44C7-8A92-E2FD0D604861}.Release|Any CPU.Build.0 = Release|Any CPU
		{FF1982B0-28F6-4E29-AF00-67FBCE1308BA}.Debug|Any CPU.ActiveCfg = Debug|Any CPU
		{FF1982B0-28F6-4E29-AF00-67FBCE1308BA}.Debug|Any CPU.Build.0 = Debug|Any CPU
		{FF1982B0-28F6-4E29-AF00-67FBCE1308BA}.Release|Any CPU.ActiveCfg = Release|Any CPU
		{FF1982B0-28F6-4E29-AF00-67FBCE1308BA}.Release|Any CPU.Build.0 = Release|Any CPU
	EndGlobalSection
	GlobalSection(SolutionProperties) = preSolution
		HideSolutionNode = FALSE
	EndGlobalSection
	GlobalSection(ExtensibilityGlobals) = postSolution
		SolutionGuid = {58D690FC-D933-4334-B665-2EAB8668AE2F}
	EndGlobalSection
EndGlobal
