
Microsoft Visual Studio Solution File, Format Version 12.00
# Visual Studio 15
VisualStudioVersion = 15.0.27703.2047
MinimumVisualStudioVersion = 10.0.40219.1
Project("{FAE04EC0-301F-11D3-BF4B-00C04F79EFBC}") = "Clase4", "Clase4\Clase4.csproj", "{DBE0172C-ECF2-4930-A96D-16E6299166B5}"
EndProject
Global
	GlobalSection(SolutionConfigurationPlatforms) = preSolution
		Debug|Any CPU = Debug|Any CPU
		Release|Any CPU = Release|Any CPU
	EndGlobalSection
	GlobalSection(ProjectConfigurationPlatforms) = postSolution
		{DBE0172C-ECF2-4930-A96D-16E6299166B5}.Debug|Any CPU.ActiveCfg = Debug|Any CPU
		{DBE0172C-ECF2-4930-A96D-16E6299166B5}.Debug|Any CPU.Build.0 = Debug|Any CPU
		{DBE0172C-ECF2-4930-A96D-16E6299166B5}.Release|Any CPU.ActiveCfg = Release|Any CPU
		{DBE0172C-ECF2-4930-A96D-16E6299166B5}.Release|Any CPU.Build.0 = Release|Any CPU
	EndGlobalSection
	GlobalSection(SolutionProperties) = preSolution
		HideSolutionNode = FALSE
	EndGlobalSection
	GlobalSection(ExtensibilityGlobals) = postSolution
		SolutionGuid = {6B7F9DF3-66EE-49DA-B1FB-F7CC09FA72ED}
	EndGlobalSection
EndGlobal
