
Microsoft Visual Studio Solution File, Format Version 12.00
# Visual Studio 15
VisualStudioVersion = 15.0.27703.2047
MinimumVisualStudioVersion = 10.0.40219.1
Project("{FAE04EC0-301F-11D3-BF4B-00C04F79EFBC}") = "WindowsForms", "WindowsForms\WindowsForms.csproj", "{49DAA200-793E-4D9D-9735-53FE9891206F}"
EndProject
Global
	GlobalSection(SolutionConfigurationPlatforms) = preSolution
		Debug|Any CPU = Debug|Any CPU
		Release|Any CPU = Release|Any CPU
	EndGlobalSection
	GlobalSection(ProjectConfigurationPlatforms) = postSolution
		{49DAA200-793E-4D9D-9735-53FE9891206F}.Debug|Any CPU.ActiveCfg = Debug|Any CPU
		{49DAA200-793E-4D9D-9735-53FE9891206F}.Debug|Any CPU.Build.0 = Debug|Any CPU
		{49DAA200-793E-4D9D-9735-53FE9891206F}.Release|Any CPU.ActiveCfg = Release|Any CPU
		{49DAA200-793E-4D9D-9735-53FE9891206F}.Release|Any CPU.Build.0 = Release|Any CPU
	EndGlobalSection
	GlobalSection(SolutionProperties) = preSolution
		HideSolutionNode = FALSE
	EndGlobalSection
	GlobalSection(ExtensibilityGlobals) = postSolution
		SolutionGuid = {EFF6074C-C371-4782-8614-2173E5B5C3EE}
	EndGlobalSection
EndGlobal
