
Microsoft Visual Studio Solution File, Format Version 12.00
# Visual Studio 15
VisualStudioVersion = 15.0.27703.2047
MinimumVisualStudioVersion = 10.0.40219.1
Project("{FAE04EC0-301F-11D3-BF4B-00C04F79EFBC}") = "MetodosDeExtencion", "MetodosDeExtencion\MetodosDeExtencion.csproj", "{4CDD3119-073D-4AF3-BB12-5475E910F6D6}"
EndProject
Project("{FAE04EC0-301F-11D3-BF4B-00C04F79EFBC}") = "Entidades", "Entidades\Entidades.csproj", "{37F3CD81-E8F2-4AA9-8B1D-EFA95412CC07}"
EndProject
Global
	GlobalSection(SolutionConfigurationPlatforms) = preSolution
		Debug|Any CPU = Debug|Any CPU
		Release|Any CPU = Release|Any CPU
	EndGlobalSection
	GlobalSection(ProjectConfigurationPlatforms) = postSolution
		{4CDD3119-073D-4AF3-BB12-5475E910F6D6}.Debug|Any CPU.ActiveCfg = Debug|Any CPU
		{4CDD3119-073D-4AF3-BB12-5475E910F6D6}.Debug|Any CPU.Build.0 = Debug|Any CPU
		{4CDD3119-073D-4AF3-BB12-5475E910F6D6}.Release|Any CPU.ActiveCfg = Release|Any CPU
		{4CDD3119-073D-4AF3-BB12-5475E910F6D6}.Release|Any CPU.Build.0 = Release|Any CPU
		{37F3CD81-E8F2-4AA9-8B1D-EFA95412CC07}.Debug|Any CPU.ActiveCfg = Debug|Any CPU
		{37F3CD81-E8F2-4AA9-8B1D-EFA95412CC07}.Debug|Any CPU.Build.0 = Debug|Any CPU
		{37F3CD81-E8F2-4AA9-8B1D-EFA95412CC07}.Release|Any CPU.ActiveCfg = Release|Any CPU
		{37F3CD81-E8F2-4AA9-8B1D-EFA95412CC07}.Release|Any CPU.Build.0 = Release|Any CPU
	EndGlobalSection
	GlobalSection(SolutionProperties) = preSolution
		HideSolutionNode = FALSE
	EndGlobalSection
	GlobalSection(ExtensibilityGlobals) = postSolution
		SolutionGuid = {7274F7E2-1698-4B06-B10E-A60A12D06CE6}
	EndGlobalSection
EndGlobal
