
Microsoft Visual Studio Solution File, Format Version 12.00
# Visual Studio 15
VisualStudioVersion = 15.0.27703.2047
MinimumVisualStudioVersion = 10.0.40219.1
Project("{FAE04EC0-301F-11D3-BF4B-00C04F79EFBC}") = "VistaForm", "Greco.Gonzalo\VistaForm.csproj", "{91E2FD5E-BA4F-4D76-A880-AE6879EB5869}"
EndProject
Project("{FAE04EC0-301F-11D3-BF4B-00C04F79EFBC}") = "VistaConsola", "VistaConsola\VistaConsola.csproj", "{83C5534B-2A68-4F25-B905-C6FF0C7E6B56}"
EndProject
Project("{FAE04EC0-301F-11D3-BF4B-00C04F79EFBC}") = "Entidades", "Entidades\Entidades.csproj", "{26246C76-9D0E-40A1-9258-007022C483B2}"
EndProject
Global
	GlobalSection(SolutionConfigurationPlatforms) = preSolution
		Debug|Any CPU = Debug|Any CPU
		Release|Any CPU = Release|Any CPU
	EndGlobalSection
	GlobalSection(ProjectConfigurationPlatforms) = postSolution
		{91E2FD5E-BA4F-4D76-A880-AE6879EB5869}.Debug|Any CPU.ActiveCfg = Debug|Any CPU
		{91E2FD5E-BA4F-4D76-A880-AE6879EB5869}.Debug|Any CPU.Build.0 = Debug|Any CPU
		{91E2FD5E-BA4F-4D76-A880-AE6879EB5869}.Release|Any CPU.ActiveCfg = Release|Any CPU
		{91E2FD5E-BA4F-4D76-A880-AE6879EB5869}.Release|Any CPU.Build.0 = Release|Any CPU
		{83C5534B-2A68-4F25-B905-C6FF0C7E6B56}.Debug|Any CPU.ActiveCfg = Debug|Any CPU
		{83C5534B-2A68-4F25-B905-C6FF0C7E6B56}.Debug|Any CPU.Build.0 = Debug|Any CPU
		{83C5534B-2A68-4F25-B905-C6FF0C7E6B56}.Release|Any CPU.ActiveCfg = Release|Any CPU
		{83C5534B-2A68-4F25-B905-C6FF0C7E6B56}.Release|Any CPU.Build.0 = Release|Any CPU
		{26246C76-9D0E-40A1-9258-007022C483B2}.Debug|Any CPU.ActiveCfg = Debug|Any CPU
		{26246C76-9D0E-40A1-9258-007022C483B2}.Debug|Any CPU.Build.0 = Debug|Any CPU
		{26246C76-9D0E-40A1-9258-007022C483B2}.Release|Any CPU.ActiveCfg = Release|Any CPU
		{26246C76-9D0E-40A1-9258-007022C483B2}.Release|Any CPU.Build.0 = Release|Any CPU
	EndGlobalSection
	GlobalSection(SolutionProperties) = preSolution
		HideSolutionNode = FALSE
	EndGlobalSection
	GlobalSection(ExtensibilityGlobals) = postSolution
		SolutionGuid = {814B80D3-9BD2-4B46-85E7-C307E2FEA9E9}
	EndGlobalSection
EndGlobal
