
Microsoft Visual Studio Solution File, Format Version 12.00
# Visual Studio 15
VisualStudioVersion = 15.0.27703.2047
MinimumVisualStudioVersion = 10.0.40219.1
Project("{FAE04EC0-301F-11D3-BF4B-00C04F79EFBC}") = "Boligrafo", "Boligrafo\Boligrafo.csproj", "{39203F10-03AF-44B6-86FE-99B3B2C3B95D}"
EndProject
Global
	GlobalSection(SolutionConfigurationPlatforms) = preSolution
		Debug|Any CPU = Debug|Any CPU
		Release|Any CPU = Release|Any CPU
	EndGlobalSection
	GlobalSection(ProjectConfigurationPlatforms) = postSolution
		{39203F10-03AF-44B6-86FE-99B3B2C3B95D}.Debug|Any CPU.ActiveCfg = Debug|Any CPU
		{39203F10-03AF-44B6-86FE-99B3B2C3B95D}.Debug|Any CPU.Build.0 = Debug|Any CPU
		{39203F10-03AF-44B6-86FE-99B3B2C3B95D}.Release|Any CPU.ActiveCfg = Release|Any CPU
		{39203F10-03AF-44B6-86FE-99B3B2C3B95D}.Release|Any CPU.Build.0 = Release|Any CPU
	EndGlobalSection
	GlobalSection(SolutionProperties) = preSolution
		HideSolutionNode = FALSE
	EndGlobalSection
	GlobalSection(ExtensibilityGlobals) = postSolution
		SolutionGuid = {848D9969-D2D0-4B6A-BBF4-9902E612167B}
	EndGlobalSection
EndGlobal
