
Microsoft Visual Studio Solution File, Format Version 12.00
# Visual Studio 15
VisualStudioVersion = 15.0.27703.2047
MinimumVisualStudioVersion = 10.0.40219.1
Project("{FAE04EC0-301F-11D3-BF4B-00C04F79EFBC}") = "ConsoleApp4", "ConsoleApp4\ConsoleApp4.csproj", "{F7241100-F5AE-4BC5-894E-F46A201950DA}"
EndProject
Global
	GlobalSection(SolutionConfigurationPlatforms) = preSolution
		Debug|Any CPU = Debug|Any CPU
		Release|Any CPU = Release|Any CPU
	EndGlobalSection
	GlobalSection(ProjectConfigurationPlatforms) = postSolution
		{F7241100-F5AE-4BC5-894E-F46A201950DA}.Debug|Any CPU.ActiveCfg = Debug|Any CPU
		{F7241100-F5AE-4BC5-894E-F46A201950DA}.Debug|Any CPU.Build.0 = Debug|Any CPU
		{F7241100-F5AE-4BC5-894E-F46A201950DA}.Release|Any CPU.ActiveCfg = Release|Any CPU
		{F7241100-F5AE-4BC5-894E-F46A201950DA}.Release|Any CPU.Build.0 = Release|Any CPU
	EndGlobalSection
	GlobalSection(SolutionProperties) = preSolution
		HideSolutionNode = FALSE
	EndGlobalSection
	GlobalSection(ExtensibilityGlobals) = postSolution
		SolutionGuid = {FC2D0D0B-430E-46A6-B5B2-EAA39896860E}
	EndGlobalSection
EndGlobal
