
Microsoft Visual Studio Solution File, Format Version 12.00
# Visual Studio 15
VisualStudioVersion = 15.0.27703.2047
MinimumVisualStudioVersion = 10.0.40219.1
Project("{FAE04EC0-301F-11D3-BF4B-00C04F79EFBC}") = "ProductoYFactura", "ProductoYFactura\ProductoYFactura.csproj", "{1B05BE8A-2B3C-4528-A6F5-02A1BE799F54}"
EndProject
Project("{FAE04EC0-301F-11D3-BF4B-00C04F79EFBC}") = "Billetes", "..\Billetes\Billetes\Billetes.csproj", "{9455F3E0-3837-412F-8CAA-7F171982AC5F}"
EndProject
Global
	GlobalSection(SolutionConfigurationPlatforms) = preSolution
		Debug|Any CPU = Debug|Any CPU
		Release|Any CPU = Release|Any CPU
	EndGlobalSection
	GlobalSection(ProjectConfigurationPlatforms) = postSolution
		{1B05BE8A-2B3C-4528-A6F5-02A1BE799F54}.Debug|Any CPU.ActiveCfg = Debug|Any CPU
		{1B05BE8A-2B3C-4528-A6F5-02A1BE799F54}.Debug|Any CPU.Build.0 = Debug|Any CPU
		{1B05BE8A-2B3C-4528-A6F5-02A1BE799F54}.Release|Any CPU.ActiveCfg = Release|Any CPU
		{1B05BE8A-2B3C-4528-A6F5-02A1BE799F54}.Release|Any CPU.Build.0 = Release|Any CPU
		{9455F3E0-3837-412F-8CAA-7F171982AC5F}.Debug|Any CPU.ActiveCfg = Debug|Any CPU
		{9455F3E0-3837-412F-8CAA-7F171982AC5F}.Debug|Any CPU.Build.0 = Debug|Any CPU
		{9455F3E0-3837-412F-8CAA-7F171982AC5F}.Release|Any CPU.ActiveCfg = Release|Any CPU
		{9455F3E0-3837-412F-8CAA-7F171982AC5F}.Release|Any CPU.Build.0 = Release|Any CPU
	EndGlobalSection
	GlobalSection(SolutionProperties) = preSolution
		HideSolutionNode = FALSE
	EndGlobalSection
	GlobalSection(ExtensibilityGlobals) = postSolution
		SolutionGuid = {446C925A-1981-4EFA-A797-8B7545FF5E24}
	EndGlobalSection
EndGlobal
